
Microsoft Visual Studio Solution File, Format Version 12.00
# Visual Studio Version 16
VisualStudioVersion = 16.0.28803.352
MinimumVisualStudioVersion = 10.0.40219.1
Project("{9A19103F-16F7-4668-BE54-9A1E7A4F7556}") = "Ahorcado.Tests", "Ahorcado.Tests\Ahorcado.Tests.csproj", "{41F7003D-B37C-4EFC-89DD-02DB3F4213F3}"
EndProject
Project("{9A19103F-16F7-4668-BE54-9A1E7A4F7556}") = "Ahorcado.Core", "Ahorcado.Core\Ahorcado.Core.csproj", "{07F523AF-4A80-4EEF-9432-BDE9B234C431}"
EndProject
Project("{9A19103F-16F7-4668-BE54-9A1E7A4F7556}") = "Ahorcado.Mvc", "Ahorcado.Mvc\Ahorcado.Mvc.csproj", "{64050EDC-27F0-4D78-A3B1-45C62C3E34BC}"
EndProject
Project("{FAE04EC0-301F-11D3-BF4B-00C04F79EFBC}") = "Ahoracado.UiTests", "Ahoracado.UiTests\Ahoracado.UiTests.csproj", "{72EF27A9-BED2-4454-88DE-B509DC07A7A5}"
EndProject
Global
	GlobalSection(SolutionConfigurationPlatforms) = preSolution
		Debug|Any CPU = Debug|Any CPU
		Release|Any CPU = Release|Any CPU
	EndGlobalSection
	GlobalSection(ProjectConfigurationPlatforms) = postSolution
		{41F7003D-B37C-4EFC-89DD-02DB3F4213F3}.Debug|Any CPU.ActiveCfg = Debug|Any CPU
		{41F7003D-B37C-4EFC-89DD-02DB3F4213F3}.Debug|Any CPU.Build.0 = Debug|Any CPU
		{41F7003D-B37C-4EFC-89DD-02DB3F4213F3}.Release|Any CPU.ActiveCfg = Release|Any CPU
		{41F7003D-B37C-4EFC-89DD-02DB3F4213F3}.Release|Any CPU.Build.0 = Release|Any CPU
		{07F523AF-4A80-4EEF-9432-BDE9B234C431}.Debug|Any CPU.ActiveCfg = Debug|Any CPU
		{07F523AF-4A80-4EEF-9432-BDE9B234C431}.Debug|Any CPU.Build.0 = Debug|Any CPU
		{07F523AF-4A80-4EEF-9432-BDE9B234C431}.Release|Any CPU.ActiveCfg = Release|Any CPU
		{07F523AF-4A80-4EEF-9432-BDE9B234C431}.Release|Any CPU.Build.0 = Release|Any CPU
		{64050EDC-27F0-4D78-A3B1-45C62C3E34BC}.Debug|Any CPU.ActiveCfg = Debug|Any CPU
		{64050EDC-27F0-4D78-A3B1-45C62C3E34BC}.Debug|Any CPU.Build.0 = Debug|Any CPU
		{64050EDC-27F0-4D78-A3B1-45C62C3E34BC}.Release|Any CPU.ActiveCfg = Release|Any CPU
		{64050EDC-27F0-4D78-A3B1-45C62C3E34BC}.Release|Any CPU.Build.0 = Release|Any CPU
		{72EF27A9-BED2-4454-88DE-B509DC07A7A5}.Debug|Any CPU.ActiveCfg = Debug|Any CPU
		{72EF27A9-BED2-4454-88DE-B509DC07A7A5}.Debug|Any CPU.Build.0 = Debug|Any CPU
		{72EF27A9-BED2-4454-88DE-B509DC07A7A5}.Release|Any CPU.ActiveCfg = Release|Any CPU
		{72EF27A9-BED2-4454-88DE-B509DC07A7A5}.Release|Any CPU.Build.0 = Release|Any CPU
	EndGlobalSection
	GlobalSection(SolutionProperties) = preSolution
		HideSolutionNode = FALSE
	EndGlobalSection
	GlobalSection(ExtensibilityGlobals) = postSolution
		SolutionGuid = {957916F8-5E88-48D6-B867-144C8EB0B7EF}
	EndGlobalSection
EndGlobal
